PODS:
  - Alamofire (5.4.1)
  - Kingfisher (6.1.1)
  - Realm (10.7.0):
    - Realm/Headers (= 10.7.0)
  - Realm/Headers (10.7.0)
  - RealmSwift (10.7.0):
    - Realm (= 10.7.0)
  - SwiftyJSON (5.0.0)

DEPENDENCIES:
  - Alamofire (~> 5.2)
  - Kingfisher
  - RealmSwift
  - SwiftyJSON

SPEC REPOS:
  trunk:
    - Alamofire
    - Kingfisher
    - Realm
    - RealmSwift
    - SwiftyJSON

SPEC CHECKSUMS:
  Alamofire: 2291f7d21ca607c491dd17642e5d40fdcda0e65c
  Kingfisher: 676d63307fbef6ed5d5ed400bff36983480d7500
  Realm: a03c41a3afbda6c197ba4dfba5428b8b54cc2df4
  RealmSwift: 5e7abc842276d7fabd386e67afbf3efde54eb1c6
  SwiftyJSON: 36413e04c44ee145039d332b4f4e2d3e8d6c4db7

PODFILE CHECKSUM: 67a0920e4a9f4416655781884fa2f74b9ef64f8d

COCOAPODS: 1.10.1
