// !$*UTF8*$!
{
	archiveVersion = 1;
	classes = {
	};
	objectVersion = 51;
	objects = {

/* Begin PBXBuildFile section */
		801832EB25BC37B000488E3F /* Photos.swift in Sources */ = {isa = PBXBuildFile; fileRef = 801832EA25BC37B000488E3F /* Photos.swift */; };
		802A1E58259BB2D80090FCF5 /* ScaleImage.swift in Sources */ = {isa = PBXBuildFile; fileRef = 802A1E57259BB2D80090FCF5 /* ScaleImage.swift */; };
		802EE8F825AF59270048D8CD /* UserSession.swift in Sources */ = {isa = PBXBuildFile; fileRef = 802EE8F725AF59270048D8CD /* UserSession.swift */; };
		80414E2925B9E393007E83EF /* Groups.swift in Sources */ = {isa = PBXBuildFile; fileRef = 80414E2825B9E393007E83EF /* Groups.swift */; };
		8066374B2589287B00A75A8D /* AvatarView.swift in Sources */ = {isa = PBXBuildFile; fileRef = 8066374A2589287B00A75A8D /* AvatarView.swift */; };
		8066B5AF2581475000F294B7 /* AllGroupsTableViewController.swift in Sources */ = {isa = PBXBuildFile; fileRef = 8066B5AE2581475000F294B7 /* AllGroupsTableViewController.swift */; };
		8066B5BB2581495E00F294B7 /* AllGroupsCell.swift in Sources */ = {isa = PBXBuildFile; fileRef = 8066B5BA2581495E00F294B7 /* AllGroupsCell.swift */; };
		8066B5BF25814CA600F294B7 /* MyGroupsViewController.swift in Sources */ = {isa = PBXBuildFile; fileRef = 8066B5BE25814CA600F294B7 /* MyGroupsViewController.swift */; };
		8066B5C225814CBF00F294B7 /* MyGroupsCell.swift in Sources */ = {isa = PBXBuildFile; fileRef = 8066B5C125814CBF00F294B7 /* MyGroupsCell.swift */; };
		80869406258FA639009F13ED /* Feed.swift in Sources */ = {isa = PBXBuildFile; fileRef = 80869405258FA639009F13ED /* Feed.swift */; };
		8090146625B8A13C00D524BD /* Friends.swift in Sources */ = {isa = PBXBuildFile; fileRef = 8090146525B8A13C00D524BD /* Friends.swift */; };
		8097328E2577F6960096D5D4 /* AppDelegate.swift in Sources */ = {isa = PBXBuildFile; fileRef = 8097328D2577F6960096D5D4 /* AppDelegate.swift */; };
		809732902577F6960096D5D4 /* SceneDelegate.swift in Sources */ = {isa = PBXBuildFile; fileRef = 8097328F2577F6960096D5D4 /* SceneDelegate.swift */; };
		809732922577F6960096D5D4 /* ViewController.swift in Sources */ = {isa = PBXBuildFile; fileRef = 809732912577F6960096D5D4 /* ViewController.swift */; };
		809732952577F6960096D5D4 /* Main.storyboard in Resources */ = {isa = PBXBuildFile; fileRef = 809732932577F6960096D5D4 /* Main.storyboard */; };
		809732972577F6960096D5D4 /* Assets.xcassets in Resources */ = {isa = PBXBuildFile; fileRef = 809732962577F6960096D5D4 /* Assets.xcassets */; };
		8097329A2577F6960096D5D4 /* LaunchScreen.storyboard in Resources */ = {isa = PBXBuildFile; fileRef = 809732982577F6960096D5D4 /* LaunchScreen.storyboard */; };
		809732A32577F75E0096D5D4 /* LoginViewController.swift in Sources */ = {isa = PBXBuildFile; fileRef = 809732A22577F75E0096D5D4 /* LoginViewController.swift */; };
		80AF35DD258E5661007CB04E /* LikeControl.swift in Sources */ = {isa = PBXBuildFile; fileRef = 80AF35DC258E5661007CB04E /* LikeControl.swift */; };
		80C2910B260273C70026E532 /* PhotoService.swift in Sources */ = {isa = PBXBuildFile; fileRef = 80C2910A260273C70026E532 /* PhotoService.swift */; };
		80C2F3BD25B5F53200B387AD /* Requests.swift in Sources */ = {isa = PBXBuildFile; fileRef = 80C2F3BC25B5F53200B387AD /* Requests.swift */; };
		80E056A725D2A39500945C9E /* RealmProvider.swift in Sources */ = {isa = PBXBuildFile; fileRef = 80E056A625D2A39500945C9E /* RealmProvider.swift */; };
		80EC8F3D25AEF541002D018E /* CustomNavigationController.swift in Sources */ = {isa = PBXBuildFile; fileRef = 80EC8F3C25AEF541002D018E /* CustomNavigationController.swift */; };
		80EC8F4025AEF5B6002D018E /* InteractiveManager.swift in Sources */ = {isa = PBXBuildFile; fileRef = 80EC8F3F25AEF5B6002D018E /* InteractiveManager.swift */; };
		80EC8F4425AEF610002D018E /* PopAnimator.swift in Sources */ = {isa = PBXBuildFile; fileRef = 80EC8F4325AEF610002D018E /* PopAnimator.swift */; };
		80EC8F4725AEF61C002D018E /* PushAnimator.swift in Sources */ = {isa = PBXBuildFile; fileRef = 80EC8F4625AEF61C002D018E /* PushAnimator.swift */; };
		80F1CA2D258F952600F94577 /* FeedTableViewController.swift in Sources */ = {isa = PBXBuildFile; fileRef = 80F1CA2C258F952600F94577 /* FeedTableViewController.swift */; };
		80F2497C25988AF5002D5018 /* LoginViewAnimation.swift in Sources */ = {isa = PBXBuildFile; fileRef = 80F2497B25988AF5002D5018 /* LoginViewAnimation.swift */; };
		80F50B33258128B8005D5261 /* FriendsCell.swift in Sources */ = {isa = PBXBuildFile; fileRef = 80F50B32258128B8005D5261 /* FriendsCell.swift */; };
		80F50B3725812D1B005D5261 /* MyFriendsTableViewController.swift in Sources */ = {isa = PBXBuildFile; fileRef = 80F50B3625812D1B005D5261 /* MyFriendsTableViewController.swift */; };
		80F50B3A25813966005D5261 /* ProfileCollectionController.swift in Sources */ = {isa = PBXBuildFile; fileRef = 80F50B3925813966005D5261 /* ProfileCollectionController.swift */; };
		80F50B4325813CA5005D5261 /* ProfileCell.swift in Sources */ = {isa = PBXBuildFile; fileRef = 80F50B4225813CA5005D5261 /* ProfileCell.swift */; };
		80FC2A8425EFFF960002324C /* HeaderCell.swift in Sources */ = {isa = PBXBuildFile; fileRef = 80FC2A8225EFFF960002324C /* HeaderCell.swift */; };
		80FC2A8525EFFF960002324C /* HeaderCell.xib in Resources */ = {isa = PBXBuildFile; fileRef = 80FC2A8325EFFF960002324C /* HeaderCell.xib */; };
		80FC2A8D25F000160002324C /* BodyCell.swift in Sources */ = {isa = PBXBuildFile; fileRef = 80FC2A8B25F000160002324C /* BodyCell.swift */; };
		80FC2A8E25F000160002324C /* BodyCell.xib in Resources */ = {isa = PBXBuildFile; fileRef = 80FC2A8C25F000160002324C /* BodyCell.xib */; };
		80FC2A9225F000270002324C /* FooterCell.swift in Sources */ = {isa = PBXBuildFile; fileRef = 80FC2A9025F000270002324C /* FooterCell.swift */; };
		80FC2A9325F000270002324C /* FooterCell.xib in Resources */ = {isa = PBXBuildFile; fileRef = 80FC2A9125F000270002324C /* FooterCell.xib */; };
		A518B81C1620696B59C445FF /* Pods_Course2.framework in Frameworks */ = {isa = PBXBuildFile; fileRef = 65FDD6969E6501C6D2804BA9 /* Pods_Course2.framework */; };
/* End PBXBuildFile section */

/* Begin PBXFileReference section */
		65FDD6969E6501C6D2804BA9 /* Pods_Course2.framework */ = {isa = PBXFileReference; explicitFileType = wrapper.framework; includeInIndex = 0; path = Pods_Course2.framework; sourceTree = BUILT_PRODUCTS_DIR; };
		6F30404D559632CD92931C00 /* Pods-Course2.debug.xcconfig */ = {isa = PBXFileReference; includeInIndex = 1; lastKnownFileType = text.xcconfig; name = "Pods-Course2.debug.xcconfig"; path = "Target Support Files/Pods-Course2/Pods-Course2.debug.xcconfig"; sourceTree = "<group>"; };
		801832EA25BC37B000488E3F /* Photos.swift */ = {isa = PBXFileReference; lastKnownFileType = sourcecode.swift; path = Photos.swift; sourceTree = "<group>"; };
		802A1E57259BB2D80090FCF5 /* ScaleImage.swift */ = {isa = PBXFileReference; lastKnownFileType = sourcecode.swift; path = "Scale\U0010Image.swift"; sourceTree = "<group>"; };
		802EE8F725AF59270048D8CD /* UserSession.swift */ = {isa = PBXFileReference; lastKnownFileType = sourcecode.swift; path = UserSession.swift; sourceTree = "<group>"; };
		80414E2825B9E393007E83EF /* Groups.swift */ = {isa = PBXFileReference; lastKnownFileType = sourcecode.swift; path = Groups.swift; sourceTree = "<group>"; };
		8066374A2589287B00A75A8D /* AvatarView.swift */ = {isa = PBXFileReference; lastKnownFileType = sourcecode.swift; path = AvatarView.swift; sourceTree = "<group>"; };
		8066B5AE2581475000F294B7 /* AllGroupsTableViewController.swift */ = {isa = PBXFileReference; lastKnownFileType = sourcecode.swift; path = AllGroupsTableViewController.swift; sourceTree = "<group>"; };
		8066B5BA2581495E00F294B7 /* AllGroupsCell.swift */ = {isa = PBXFileReference; lastKnownFileType = sourcecode.swift; path = AllGroupsCell.swift; sourceTree = "<group>"; };
		8066B5BE25814CA600F294B7 /* MyGroupsViewController.swift */ = {isa = PBXFileReference; lastKnownFileType = sourcecode.swift; path = MyGroupsViewController.swift; sourceTree = "<group>"; };
		8066B5C125814CBF00F294B7 /* MyGroupsCell.swift */ = {isa = PBXFileReference; lastKnownFileType = sourcecode.swift; path = MyGroupsCell.swift; sourceTree = "<group>"; };
		80869405258FA639009F13ED /* Feed.swift */ = {isa = PBXFileReference; lastKnownFileType = sourcecode.swift; path = Feed.swift; sourceTree = "<group>"; };
		8090146525B8A13C00D524BD /* Friends.swift */ = {isa = PBXFileReference; lastKnownFileType = sourcecode.swift; path = Friends.swift; sourceTree = "<group>"; };
		8097328A2577F6950096D5D4 /* Course2.app */ = {isa = PBXFileReference; explicitFileType = wrapper.application; includeInIndex = 0; path = Course2.app; sourceTree = BUILT_PRODUCTS_DIR; };
		8097328D2577F6960096D5D4 /* AppDelegate.swift */ = {isa = PBXFileReference; lastKnownFileType = sourcecode.swift; path = AppDelegate.swift; sourceTree = "<group>"; };
		8097328F2577F6960096D5D4 /* SceneDelegate.swift */ = {isa = PBXFileReference; lastKnownFileType = sourcecode.swift; path = SceneDelegate.swift; sourceTree = "<group>"; };
		809732912577F6960096D5D4 /* ViewController.swift */ = {isa = PBXFileReference; lastKnownFileType = sourcecode.swift; path = ViewController.swift; sourceTree = "<group>"; };
		809732942577F6960096D5D4 /* Base */ = {isa = PBXFileReference; lastKnownFileType = file.storyboard; name = Base; path = Base.lproj/Main.storyboard; sourceTree = "<group>"; };
		809732962577F6960096D5D4 /* Assets.xcassets */ = {isa = PBXFileReference; lastKnownFileType = folder.assetcatalog; path = Assets.xcassets; sourceTree = "<group>"; };
		809732992577F6960096D5D4 /* Base */ = {isa = PBXFileReference; lastKnownFileType = file.storyboard; name = Base; path = Base.lproj/LaunchScreen.storyboard; sourceTree = "<group>"; };
		8097329B2577F6960096D5D4 /* Info.plist */ = {isa = PBXFileReference; lastKnownFileType = text.plist.xml; path = Info.plist; sourceTree = "<group>"; };
		809732A22577F75E0096D5D4 /* LoginViewController.swift */ = {isa = PBXFileReference; lastKnownFileType = sourcecode.swift; path = LoginViewController.swift; sourceTree = "<group>"; };
		80AF35DC258E5661007CB04E /* LikeControl.swift */ = {isa = PBXFileReference; lastKnownFileType = sourcecode.swift; path = LikeControl.swift; sourceTree = "<group>"; };
		80C2910A260273C70026E532 /* PhotoService.swift */ = {isa = PBXFileReference; lastKnownFileType = sourcecode.swift; path = PhotoService.swift; sourceTree = "<group>"; };
		80C2F3BC25B5F53200B387AD /* Requests.swift */ = {isa = PBXFileReference; lastKnownFileType = sourcecode.swift; path = Requests.swift; sourceTree = "<group>"; };
		80E056A625D2A39500945C9E /* RealmProvider.swift */ = {isa = PBXFileReference; lastKnownFileType = sourcecode.swift; path = RealmProvider.swift; sourceTree = "<group>"; };
		80EC8F3C25AEF541002D018E /* CustomNavigationController.swift */ = {isa = PBXFileReference; lastKnownFileType = sourcecode.swift; path = CustomNavigationController.swift; sourceTree = "<group>"; };
		80EC8F3F25AEF5B6002D018E /* InteractiveManager.swift */ = {isa = PBXFileReference; lastKnownFileType = sourcecode.swift; path = InteractiveManager.swift; sourceTree = "<group>"; };
		80EC8F4325AEF610002D018E /* PopAnimator.swift */ = {isa = PBXFileReference; lastKnownFileType = sourcecode.swift; path = PopAnimator.swift; sourceTree = "<group>"; };
		80EC8F4625AEF61C002D018E /* PushAnimator.swift */ = {isa = PBXFileReference; lastKnownFileType = sourcecode.swift; path = PushAnimator.swift; sourceTree = "<group>"; };
		80F1CA2C258F952600F94577 /* FeedTableViewController.swift */ = {isa = PBXFileReference; lastKnownFileType = sourcecode.swift; path = FeedTableViewController.swift; sourceTree = "<group>"; };
		80F2497B25988AF5002D5018 /* LoginViewAnimation.swift */ = {isa = PBXFileReference; lastKnownFileType = sourcecode.swift; path = LoginViewAnimation.swift; sourceTree = "<group>"; };
		80F50B32258128B8005D5261 /* FriendsCell.swift */ = {isa = PBXFileReference; lastKnownFileType = sourcecode.swift; path = FriendsCell.swift; sourceTree = "<group>"; };
		80F50B3625812D1B005D5261 /* MyFriendsTableViewController.swift */ = {isa = PBXFileReference; lastKnownFileType = sourcecode.swift; path = MyFriendsTableViewController.swift; sourceTree = "<group>"; };
		80F50B3925813966005D5261 /* ProfileCollectionController.swift */ = {isa = PBXFileReference; lastKnownFileType = sourcecode.swift; path = ProfileCollectionController.swift; sourceTree = "<group>"; };
		80F50B4225813CA5005D5261 /* ProfileCell.swift */ = {isa = PBXFileReference; lastKnownFileType = sourcecode.swift; path = ProfileCell.swift; sourceTree = "<group>"; };
		80FC2A8225EFFF960002324C /* HeaderCell.swift */ = {isa = PBXFileReference; lastKnownFileType = sourcecode.swift; path = HeaderCell.swift; sourceTree = "<group>"; };
		80FC2A8325EFFF960002324C /* HeaderCell.xib */ = {isa = PBXFileReference; lastKnownFileType = file.xib; path = HeaderCell.xib; sourceTree = "<group>"; };
		80FC2A8B25F000160002324C /* BodyCell.swift */ = {isa = PBXFileReference; lastKnownFileType = sourcecode.swift; path = BodyCell.swift; sourceTree = "<group>"; };
		80FC2A8C25F000160002324C /* BodyCell.xib */ = {isa = PBXFileReference; lastKnownFileType = file.xib; path = BodyCell.xib; sourceTree = "<group>"; };
		80FC2A9025F000270002324C /* FooterCell.swift */ = {isa = PBXFileReference; lastKnownFileType = sourcecode.swift; path = FooterCell.swift; sourceTree = "<group>"; };
		80FC2A9125F000270002324C /* FooterCell.xib */ = {isa = PBXFileReference; lastKnownFileType = file.xib; path = FooterCell.xib; sourceTree = "<group>"; };
		E314C0BF67E67283892D0202 /* Pods-Course2.release.xcconfig */ = {isa = PBXFileReference; includeInIndex = 1; lastKnownFileType = text.xcconfig; name = "Pods-Course2.release.xcconfig"; path = "Target Support Files/Pods-Course2/Pods-Course2.release.xcconfig"; sourceTree = "<group>"; };
/* End PBXFileReference section */

/* Begin PBXFrameworksBuildPhase section */
		809732872577F6950096D5D4 /* Frameworks */ = {
			isa = PBXFrameworksBuildPhase;
			buildActionMask = 2147483647;
			files = (
				A518B81C1620696B59C445FF /* Pods_Course2.framework in Frameworks */,
			);
			runOnlyForDeploymentPostprocessing = 0;
		};
/* End PBXFrameworksBuildPhase section */

/* Begin PBXGroup section */
		099AD7E4E7C3EF26A78C114B /* Frameworks */ = {
			isa = PBXGroup;
			children = (
				65FDD6969E6501C6D2804BA9 /* Pods_Course2.framework */,
			);
			name = Frameworks;
			sourceTree = "<group>";
		};
		8010A41A25B60B040038E467 /* Service */ = {
			isa = PBXGroup;
			children = (
				80C2F3BC25B5F53200B387AD /* Requests.swift */,
				80E056A625D2A39500945C9E /* RealmProvider.swift */,
				80C2910A260273C70026E532 /* PhotoService.swift */,
			);
			path = Service;
			sourceTree = "<group>";
		};
		80186ABD25EEA6D600840E45 /* Cell */ = {
			isa = PBXGroup;
			children = (
				80FC2A8725EFFFA70002324C /* Header */,
				80FC2A8925EFFFB50002324C /* Body */,
				80FC2A8A25EFFFBA0002324C /* Footer */,
			);
			path = Cell;
			sourceTree = "<group>";
		};
		8066374925891C3000A75A8D /* Animations */ = {
			isa = PBXGroup;
			children = (
				80AF35DC258E5661007CB04E /* LikeControl.swift */,
				8066374A2589287B00A75A8D /* AvatarView.swift */,
				80F2497B25988AF5002D5018 /* LoginViewAnimation.swift */,
				802A1E57259BB2D80090FCF5 /* ScaleImage.swift */,
				80EC8F3C25AEF541002D018E /* CustomNavigationController.swift */,
				80EC8F3F25AEF5B6002D018E /* InteractiveManager.swift */,
				80EC8F4325AEF610002D018E /* PopAnimator.swift */,
				80EC8F4625AEF61C002D018E /* PushAnimator.swift */,
			);
			path = Animations;
			sourceTree = "<group>";
		};
		8066B5AC2581470000F294B7 /* Groups */ = {
			isa = PBXGroup;
			children = (
				8066B5AD2581472200F294B7 /* AllGroups */,
				8066B5BE25814CA600F294B7 /* MyGroupsViewController.swift */,
				8066B5C125814CBF00F294B7 /* MyGroupsCell.swift */,
			);
			path = Groups;
			sourceTree = "<group>";
		};
		8066B5AD2581472200F294B7 /* AllGroups */ = {
			isa = PBXGroup;
			children = (
				8066B5AE2581475000F294B7 /* AllGroupsTableViewController.swift */,
				8066B5BA2581495E00F294B7 /* AllGroupsCell.swift */,
			);
			path = AllGroups;
			sourceTree = "<group>";
		};
		8066B5B12581477500F294B7 /* Model */ = {
			isa = PBXGroup;
			children = (
				80869405258FA639009F13ED /* Feed.swift */,
				802EE8F725AF59270048D8CD /* UserSession.swift */,
				8090146525B8A13C00D524BD /* Friends.swift */,
				80414E2825B9E393007E83EF /* Groups.swift */,
				801832EA25BC37B000488E3F /* Photos.swift */,
			);
			path = Model;
			sourceTree = "<group>";
		};
		8096FA8B25FA999F00CA976D /* System */ = {
			isa = PBXGroup;
			children = (
				8097328F2577F6960096D5D4 /* SceneDelegate.swift */,
				809732912577F6960096D5D4 /* ViewController.swift */,
				8097328D2577F6960096D5D4 /* AppDelegate.swift */,
				809732A22577F75E0096D5D4 /* LoginViewController.swift */,
			);
			path = System;
			sourceTree = "<group>";
		};
		809732812577F6950096D5D4 = {
			isa = PBXGroup;
			children = (
				8097328C2577F6950096D5D4 /* Course2 */,
				8097328B2577F6950096D5D4 /* Products */,
				ADB4D5ECC795745ADCAFE80B /* Pods */,
				099AD7E4E7C3EF26A78C114B /* Frameworks */,
			);
			sourceTree = "<group>";
		};
		8097328B2577F6950096D5D4 /* Products */ = {
			isa = PBXGroup;
			children = (
				8097328A2577F6950096D5D4 /* Course2.app */,
			);
			name = Products;
			sourceTree = "<group>";
		};
		8097328C2577F6950096D5D4 /* Course2 */ = {
			isa = PBXGroup;
			children = (
				8096FA8B25FA999F00CA976D /* System */,
				809732962577F6960096D5D4 /* Assets.xcassets */,
				8097329B2577F6960096D5D4 /* Info.plist */,
				8066374925891C3000A75A8D /* Animations */,
				80F1CA28258F94FE00F94577 /* Feed */,
				80F50B312581281A005D5261 /* Friends */,
				8066B5AC2581470000F294B7 /* Groups */,
				809732982577F6960096D5D4 /* LaunchScreen.storyboard */,
				809732932577F6960096D5D4 /* Main.storyboard */,
				8066B5B12581477500F294B7 /* Model */,
				80AF35DB258E5642007CB04E /* Profile */,
				8010A41A25B60B040038E467 /* Service */,
			);
			path = Course2;
			sourceTree = "<group>";
		};
		80AF35DB258E5642007CB04E /* Profile */ = {
			isa = PBXGroup;
			children = (
				80F50B4225813CA5005D5261 /* ProfileCell.swift */,
				80F50B3925813966005D5261 /* ProfileCollectionController.swift */,
			);
			path = Profile;
			sourceTree = "<group>";
		};
		80F1CA28258F94FE00F94577 /* Feed */ = {
			isa = PBXGroup;
			children = (
				80186ABD25EEA6D600840E45 /* Cell */,
				80F1CA2C258F952600F94577 /* FeedTableViewController.swift */,
			);
			path = Feed;
			sourceTree = "<group>";
		};
		80F50B312581281A005D5261 /* Friends */ = {
			isa = PBXGroup;
			children = (
				80F50B32258128B8005D5261 /* FriendsCell.swift */,
				80F50B3625812D1B005D5261 /* MyFriendsTableViewController.swift */,
			);
			path = Friends;
			sourceTree = "<group>";
		};
		80FC2A8725EFFFA70002324C /* Header */ = {
			isa = PBXGroup;
			children = (
				80FC2A8225EFFF960002324C /* HeaderCell.swift */,
				80FC2A8325EFFF960002324C /* HeaderCell.xib */,
			);
			path = Header;
			sourceTree = "<group>";
		};
		80FC2A8925EFFFB50002324C /* Body */ = {
			isa = PBXGroup;
			children = (
				80FC2A8B25F000160002324C /* BodyCell.swift */,
				80FC2A8C25F000160002324C /* BodyCell.xib */,
			);
			path = Body;
			sourceTree = "<group>";
		};
		80FC2A8A25EFFFBA0002324C /* Footer */ = {
			isa = PBXGroup;
			children = (
				80FC2A9025F000270002324C /* FooterCell.swift */,
				80FC2A9125F000270002324C /* FooterCell.xib */,
			);
			path = Footer;
			sourceTree = "<group>";
		};
		ADB4D5ECC795745ADCAFE80B /* Pods */ = {
			isa = PBXGroup;
			children = (
				6F30404D559632CD92931C00 /* Pods-Course2.debug.xcconfig */,
				E314C0BF67E67283892D0202 /* Pods-Course2.release.xcconfig */,
			);
			path = Pods;
			sourceTree = "<group>";
		};
/* End PBXGroup section */

/* Begin PBXNativeTarget section */
		809732892577F6950096D5D4 /* Course2 */ = {
			isa = PBXNativeTarget;
			buildConfigurationList = 8097329E2577F6960096D5D4 /* Build configuration list for PBXNativeTarget "Course2" */;
			buildPhases = (
				AFA64E2C5A999CC0929610AF /* [CP] Check Pods Manifest.lock */,
				809732862577F6950096D5D4 /* Sources */,
				809732872577F6950096D5D4 /* Frameworks */,
				809732882577F6950096D5D4 /* Resources */,
				92E4341676DF9586E605C4C3 /* [CP] Embed Pods Frameworks */,
			);
			buildRules = (
			);
			dependencies = (
			);
			name = Course2;
			productName = Course2;
			productReference = 8097328A2577F6950096D5D4 /* Course2.app */;
			productType = "com.apple.product-type.application";
		};
/* End PBXNativeTarget section */

/* Begin PBXProject section */
		809732822577F6950096D5D4 /* Project object */ = {
			isa = PBXProject;
			attributes = {
				LastSwiftUpdateCheck = 1220;
				LastUpgradeCheck = 1220;
				TargetAttributes = {
					809732892577F6950096D5D4 = {
						CreatedOnToolsVersion = 12.2;
					};
				};
			};
			buildConfigurationList = 809732852577F6950096D5D4 /* Build configuration list for PBXProject "Course2" */;
			compatibilityVersion = "Xcode 9.3";
			developmentRegion = en;
			hasScannedForEncodings = 0;
			knownRegions = (
				en,
				Base,
			);
			mainGroup = 809732812577F6950096D5D4;
			productRefGroup = 8097328B2577F6950096D5D4 /* Products */;
			projectDirPath = "";
			projectRoot = "";
			targets = (
				809732892577F6950096D5D4 /* Course2 */,
			);
		};
/* End PBXProject section */

/* Begin PBXResourcesBuildPhase section */
		809732882577F6950096D5D4 /* Resources */ = {
			isa = PBXResourcesBuildPhase;
			buildActionMask = 2147483647;
			files = (
				80FC2A8525EFFF960002324C /* HeaderCell.xib in Resources */,
				8097329A2577F6960096D5D4 /* LaunchScreen.storyboard in Resources */,
				80FC2A9325F000270002324C /* FooterCell.xib in Resources */,
				809732972577F6960096D5D4 /* Assets.xcassets in Resources */,
				80FC2A8E25F000160002324C /* BodyCell.xib in Resources */,
				809732952577F6960096D5D4 /* Main.storyboard in Resources */,
			);
			runOnlyForDeploymentPostprocessing = 0;
		};
/* End PBXResourcesBuildPhase section */

/* Begin PBXShellScriptBuildPhase section */
		92E4341676DF9586E605C4C3 /* [CP] Embed Pods Frameworks */ = {
			isa = PBXShellScriptBuildPhase;
			buildActionMask = 2147483647;
			files = (
			);
			inputFileListPaths = (
				"${PODS_ROOT}/Target Support Files/Pods-Course2/Pods-Course2-frameworks-${CONFIGURATION}-input-files.xcfilelist",
			);
			name = "[CP] Embed Pods Frameworks";
			outputFileListPaths = (
				"${PODS_ROOT}/Target Support Files/Pods-Course2/Pods-Course2-frameworks-${CONFIGURATION}-output-files.xcfilelist",
			);
			runOnlyForDeploymentPostprocessing = 0;
			shellPath = /bin/sh;
			shellScript = "\"${PODS_ROOT}/Target Support Files/Pods-Course2/Pods-Course2-frameworks.sh\"\n";
			showEnvVarsInLog = 0;
		};
		AFA64E2C5A999CC0929610AF /* [CP] Check Pods Manifest.lock */ = {
			isa = PBXShellScriptBuildPhase;
			buildActionMask = 2147483647;
			files = (
			);
			inputFileListPaths = (
			);
			inputPaths = (
				"${PODS_PODFILE_DIR_PATH}/Podfile.lock",
				"${PODS_ROOT}/Manifest.lock",
			);
			name = "[CP] Check Pods Manifest.lock";
			outputFileListPaths = (
			);
			outputPaths = (
				"$(DERIVED_FILE_DIR)/Pods-Course2-checkManifestLockResult.txt",
			);
			runOnlyForDeploymentPostprocessing = 0;
			shellPath = /bin/sh;
			shellScript = "diff \"${PODS_PODFILE_DIR_PATH}/Podfile.lock\" \"${PODS_ROOT}/Manifest.lock\" > /dev/null\nif [ $? != 0 ] ; then\n    # print error to STDERR\n    echo \"error: The sandbox is not in sync with the Podfile.lock. Run 'pod install' or update your CocoaPods installation.\" >&2\n    exit 1\nfi\n# This output is used by Xcode 'outputs' to avoid re-running this script phase.\necho \"SUCCESS\" > \"${SCRIPT_OUTPUT_FILE_0}\"\n";
			showEnvVarsInLog = 0;
		};
/* End PBXShellScriptBuildPhase section */

/* Begin PBXSourcesBuildPhase section */
		809732862577F6950096D5D4 /* Sources */ = {
			isa = PBXSourcesBuildPhase;
			buildActionMask = 2147483647;
			files = (
				80EC8F3D25AEF541002D018E /* CustomNavigationController.swift in Sources */,
				8066B5BF25814CA600F294B7 /* MyGroupsViewController.swift in Sources */,
				80869406258FA639009F13ED /* Feed.swift in Sources */,
				809732A32577F75E0096D5D4 /* LoginViewController.swift in Sources */,
				8066B5C225814CBF00F294B7 /* MyGroupsCell.swift in Sources */,
				80F50B3A25813966005D5261 /* ProfileCollectionController.swift in Sources */,
				802A1E58259BB2D80090FCF5 /* ScaleImage.swift in Sources */,
				80E056A725D2A39500945C9E /* RealmProvider.swift in Sources */,
				80C2910B260273C70026E532 /* PhotoService.swift in Sources */,
				80FC2A8D25F000160002324C /* BodyCell.swift in Sources */,
				80F50B33258128B8005D5261 /* FriendsCell.swift in Sources */,
				809732922577F6960096D5D4 /* ViewController.swift in Sources */,
				8097328E2577F6960096D5D4 /* AppDelegate.swift in Sources */,
				802EE8F825AF59270048D8CD /* UserSession.swift in Sources */,
				80C2F3BD25B5F53200B387AD /* Requests.swift in Sources */,
				80F1CA2D258F952600F94577 /* FeedTableViewController.swift in Sources */,
				8090146625B8A13C00D524BD /* Friends.swift in Sources */,
				80EC8F4025AEF5B6002D018E /* InteractiveManager.swift in Sources */,
				80FC2A8425EFFF960002324C /* HeaderCell.swift in Sources */,
				8066B5AF2581475000F294B7 /* AllGroupsTableViewController.swift in Sources */,
				8066374B2589287B00A75A8D /* AvatarView.swift in Sources */,
				80F50B4325813CA5005D5261 /* ProfileCell.swift in Sources */,
				809732902577F6960096D5D4 /* SceneDelegate.swift in Sources */,
				80F2497C25988AF5002D5018 /* LoginViewAnimation.swift in Sources */,
				80414E2925B9E393007E83EF /* Groups.swift in Sources */,
				80F50B3725812D1B005D5261 /* MyFriendsTableViewController.swift in Sources */,
				8066B5BB2581495E00F294B7 /* AllGroupsCell.swift in Sources */,
				80FC2A9225F000270002324C /* FooterCell.swift in Sources */,
				801832EB25BC37B000488E3F /* Photos.swift in Sources */,
				80AF35DD258E5661007CB04E /* LikeControl.swift in Sources */,
				80EC8F4725AEF61C002D018E /* PushAnimator.swift in Sources */,
				80EC8F4425AEF610002D018E /* PopAnimator.swift in Sources */,
			);
			runOnlyForDeploymentPostprocessing = 0;
		};
/* End PBXSourcesBuildPhase section */

/* Begin PBXVariantGroup section */
		809732932577F6960096D5D4 /* Main.storyboard */ = {
			isa = PBXVariantGroup;
			children = (
				809732942577F6960096D5D4 /* Base */,
			);
			name = Main.storyboard;
			sourceTree = "<group>";
		};
		809732982577F6960096D5D4 /* LaunchScreen.storyboard */ = {
			isa = PBXVariantGroup;
			children = (
				809732992577F6960096D5D4 /* Base */,
			);
			name = LaunchScreen.storyboard;
			sourceTree = "<group>";
		};
/* End PBXVariantGroup section */

/* Begin XCBuildConfiguration section */
		8097329C2577F6960096D5D4 /* Debug */ = {
			isa = XCBuildConfiguration;
			buildSettings = {
				ALWAYS_SEARCH_USER_PATHS = NO;
				CLANG_ANALYZER_NONNULL = YES;
				CLANG_ANALYZER_NUMBER_OBJECT_CONVERSION = YES_AGGRESSIVE;
				CLANG_CXX_LANGUAGE_STANDARD = "gnu++14";
				CLANG_CXX_LIBRARY = "libc++";
				CLANG_ENABLE_MODULES = YES;
				CLANG_ENABLE_OBJC_ARC = YES;
				CLANG_ENABLE_OBJC_WEAK = YES;
				CLANG_WARN_BLOCK_CAPTURE_AUTORELEASING = YES;
				CLANG_WARN_BOOL_CONVERSION = YES;
				CLANG_WARN_COMMA = YES;
				CLANG_WARN_CONSTANT_CONVERSION = YES;
				CLANG_WARN_DEPRECATED_OBJC_IMPLEMENTATIONS = YES;
				CLANG_WARN_DIRECT_OBJC_ISA_USAGE = YES_ERROR;
				CLANG_WARN_DOCUMENTATION_COMMENTS = YES;
				CLANG_WARN_EMPTY_BODY = YES;
				CLANG_WARN_ENUM_CONVERSION = YES;
				CLANG_WARN_INFINITE_RECURSION = YES;
				CLANG_WARN_INT_CONVERSION = YES;
				CLANG_WARN_NON_LITERAL_NULL_CONVERSION = YES;
				CLANG_WARN_OBJC_IMPLICIT_RETAIN_SELF = YES;
				CLANG_WARN_OBJC_LITERAL_CONVERSION = YES;
				CLANG_WARN_OBJC_ROOT_CLASS = YES_ERROR;
				CLANG_WARN_QUOTED_INCLUDE_IN_FRAMEWORK_HEADER = YES;
				CLANG_WARN_RANGE_LOOP_ANALYSIS = YES;
				CLANG_WARN_STRICT_PROTOTYPES = YES;
				CLANG_WARN_SUSPICIOUS_MOVE = YES;
				CLANG_WARN_UNGUARDED_AVAILABILITY = YES_AGGRESSIVE;
				CLANG_WARN_UNREACHABLE_CODE = YES;
				CLANG_WARN__DUPLICATE_METHOD_MATCH = YES;
				COPY_PHASE_STRIP = NO;
				DEBUG_INFORMATION_FORMAT = dwarf;
				ENABLE_STRICT_OBJC_MSGSEND = YES;
				ENABLE_TESTABILITY = YES;
				GCC_C_LANGUAGE_STANDARD = gnu11;
				GCC_DYNAMIC_NO_PIC = NO;
				GCC_NO_COMMON_BLOCKS = YES;
				GCC_OPTIMIZATION_LEVEL = 0;
				GCC_PREPROCESSOR_DEFINITIONS = (
					"DEBUG=1",
					"$(inherited)",
				);
				GCC_WARN_64_TO_32_BIT_CONVERSION = YES;
				GCC_WARN_ABOUT_RETURN_TYPE = YES_ERROR;
				GCC_WARN_UNDECLARED_SELECTOR = YES;
				GCC_WARN_UNINITIALIZED_AUTOS = YES_AGGRESSIVE;
				GCC_WARN_UNUSED_FUNCTION = YES;
				GCC_WARN_UNUSED_VARIABLE = YES;
				IPHONEOS_DEPLOYMENT_TARGET = 14.2;
				MTL_ENABLE_DEBUG_INFO = INCLUDE_SOURCE;
				MTL_FAST_MATH = YES;
				ONLY_ACTIVE_ARCH = YES;
				SDKROOT = iphoneos;
				SWIFT_ACTIVE_COMPILATION_CONDITIONS = DEBUG;
				SWIFT_OPTIMIZATION_LEVEL = "-Onone";
			};
			name = Debug;
		};
		8097329D2577F6960096D5D4 /* Release */ = {
			isa = XCBuildConfiguration;
			buildSettings = {
				ALWAYS_SEARCH_USER_PATHS = NO;
				CLANG_ANALYZER_NONNULL = YES;
				CLANG_ANALYZER_NUMBER_OBJECT_CONVERSION = YES_AGGRESSIVE;
				CLANG_CXX_LANGUAGE_STANDARD = "gnu++14";
				CLANG_CXX_LIBRARY = "libc++";
				CLANG_ENABLE_MODULES = YES;
				CLANG_ENABLE_OBJC_ARC = YES;
				CLANG_ENABLE_OBJC_WEAK = YES;
				CLANG_WARN_BLOCK_CAPTURE_AUTORELEASING = YES;
				CLANG_WARN_BOOL_CONVERSION = YES;
				CLANG_WARN_COMMA = YES;
				CLANG_WARN_CONSTANT_CONVERSION = YES;
				CLANG_WARN_DEPRECATED_OBJC_IMPLEMENTATIONS = YES;
				CLANG_WARN_DIRECT_OBJC_ISA_USAGE = YES_ERROR;
				CLANG_WARN_DOCUMENTATION_COMMENTS = YES;
				CLANG_WARN_EMPTY_BODY = YES;
				CLANG_WARN_ENUM_CONVERSION = YES;
				CLANG_WARN_INFINITE_RECURSION = YES;
				CLANG_WARN_INT_CONVERSION = YES;
				CLANG_WARN_NON_LITERAL_NULL_CONVERSION = YES;
				CLANG_WARN_OBJC_IMPLICIT_RETAIN_SELF = YES;
				CLANG_WARN_OBJC_LITERAL_CONVERSION = YES;
				CLANG_WARN_OBJC_ROOT_CLASS = YES_ERROR;
				CLANG_WARN_QUOTED_INCLUDE_IN_FRAMEWORK_HEADER = YES;
				CLANG_WARN_RANGE_LOOP_ANALYSIS = YES;
				CLANG_WARN_STRICT_PROTOTYPES = YES;
				CLANG_WARN_SUSPICIOUS_MOVE = YES;
				CLANG_WARN_UNGUARDED_AVAILABILITY = YES_AGGRESSIVE;
				CLANG_WARN_UNREACHABLE_CODE = YES;
				CLANG_WARN__DUPLICATE_METHOD_MATCH = YES;
				COPY_PHASE_STRIP = NO;
				DEBUG_INFORMATION_FORMAT = "dwarf-with-dsym";
				ENABLE_NS_ASSERTIONS = NO;
				ENABLE_STRICT_OBJC_MSGSEND = YES;
				GCC_C_LANGUAGE_STANDARD = gnu11;
				GCC_NO_COMMON_BLOCKS = YES;
				GCC_WARN_64_TO_32_BIT_CONVERSION = YES;
				GCC_WARN_ABOUT_RETURN_TYPE = YES_ERROR;
				GCC_WARN_UNDECLARED_SELECTOR = YES;
				GCC_WARN_UNINITIALIZED_AUTOS = YES_AGGRESSIVE;
				GCC_WARN_UNUSED_FUNCTION = YES;
				GCC_WARN_UNUSED_VARIABLE = YES;
				IPHONEOS_DEPLOYMENT_TARGET = 14.2;
				MTL_ENABLE_DEBUG_INFO = NO;
				MTL_FAST_MATH = YES;
				SDKROOT = iphoneos;
				SWIFT_COMPILATION_MODE = wholemodule;
				SWIFT_OPTIMIZATION_LEVEL = "-O";
				VALIDATE_PRODUCT = YES;
			};
			name = Release;
		};
		8097329F2577F6960096D5D4 /* Debug */ = {
			isa = XCBuildConfiguration;
			baseConfigurationReference = 6F30404D559632CD92931C00 /* Pods-Course2.debug.xcconfig */;
			buildSettings = {
				ASSETCATALOG_COMPILER_APPICON_NAME = AppIcon;
				ASSETCATALOG_COMPILER_GLOBAL_ACCENT_COLOR_NAME = AccentColor;
				CODE_SIGN_STYLE = Automatic;
				DEVELOPMENT_TEAM = 8SFYUBPZ6J;
				INFOPLIST_FILE = Course2/Info.plist;
				LD_RUNPATH_SEARCH_PATHS = (
					"$(inherited)",
					"@executable_path/Frameworks",
				);
				PRODUCT_BUNDLE_IDENTIFIER = "TRNS.-GBVKApps";
				PRODUCT_NAME = "$(TARGET_NAME)";
				SWIFT_VERSION = 5.0;
				TARGETED_DEVICE_FAMILY = "1,2";
			};
			name = Debug;
		};
		809732A02577F6960096D5D4 /* Release */ = {
			isa = XCBuildConfiguration;
			baseConfigurationReference = E314C0BF67E67283892D0202 /* Pods-Course2.release.xcconfig */;
			buildSettings = {
				ASSETCATALOG_COMPILER_APPICON_NAME = AppIcon;
				ASSETCATALOG_COMPILER_GLOBAL_ACCENT_COLOR_NAME = AccentColor;
				CODE_SIGN_STYLE = Automatic;
				DEVELOPMENT_TEAM = 8SFYUBPZ6J;
				INFOPLIST_FILE = Course2/Info.plist;
				LD_RUNPATH_SEARCH_PATHS = (
					"$(inherited)",
					"@executable_path/Frameworks",
				);
				PRODUCT_BUNDLE_IDENTIFIER = "TRNS.-GBVKApps";
				PRODUCT_NAME = "$(TARGET_NAME)";
				SWIFT_VERSION = 5.0;
				TARGETED_DEVICE_FAMILY = "1,2";
			};
			name = Release;
		};
/* End XCBuildConfiguration section */

/* Begin XCConfigurationList section */
		809732852577F6950096D5D4 /* Build configuration list for PBXProject "Course2" */ = {
			isa = XCConfigurationList;
			buildConfigurations = (
				8097329C2577F6960096D5D4 /* Debug */,
				8097329D2577F6960096D5D4 /* Release */,
			);
			defaultConfigurationIsVisible = 0;
			defaultConfigurationName = Release;
		};
		8097329E2577F6960096D5D4 /* Build configuration list for PBXNativeTarget "Course2" */ = {
			isa = XCConfigurationList;
			buildConfigurations = (
				8097329F2577F6960096D5D4 /* Debug */,
				809732A02577F6960096D5D4 /* Release */,
			);
			defaultConfigurationIsVisible = 0;
			defaultConfigurationName = Release;
		};
/* End XCConfigurationList section */
	};
	rootObject = 809732822577F6950096D5D4 /* Project object */;
}
